
Microsoft Visual Studio Solution File, Format Version 12.00
# Visual Studio 15
VisualStudioVersion = 15.0.27130.2036
MinimumVisualStudioVersion = 10.0.40219.1
Project("{FAE04EC0-301F-11D3-BF4B-00C04F79EFBC}") = "json2tweets", "json2tweets\json2tweets.csproj", "{3D25BC5A-B603-462E-9F1A-59D999384FB8}"
EndProject
Global
	GlobalSection(SolutionConfigurationPlatforms) = preSolution
		Debug|Any CPU = Debug|Any CPU
		Release|Any CPU = Release|Any CPU
	EndGlobalSection
	GlobalSection(ProjectConfigurationPlatforms) = postSolution
		{3D25BC5A-B603-462E-9F1A-59D999384FB8}.Debug|Any CPU.ActiveCfg = Debug|Any CPU
		{3D25BC5A-B603-462E-9F1A-59D999384FB8}.Debug|Any CPU.Build.0 = Debug|Any CPU
		{3D25BC5A-B603-462E-9F1A-59D999384FB8}.Release|Any CPU.ActiveCfg = Release|Any CPU
		{3D25BC5A-B603-462E-9F1A-59D999384FB8}.Release|Any CPU.Build.0 = Release|Any CPU
	EndGlobalSection
	GlobalSection(SolutionProperties) = preSolution
		HideSolutionNode = FALSE
	EndGlobalSection
	GlobalSection(ExtensibilityGlobals) = postSolution
		SolutionGuid = {A08226D4-0816-466D-B318-B0903B3005A6}
	EndGlobalSection
EndGlobal
